
Microsoft Visual Studio Solution File, Format Version 12.00
# Visual Studio 15
VisualStudioVersion = 15.0.27703.2042
MinimumVisualStudioVersion = 10.0.40219.1
Project("{2150E333-8FDC-42A3-9474-1A3956D46DE8}") = "Libraries", "Libraries", "{CC2D59CC-9677-448E-8EE0-CA2A1D8DA2C2}"
EndProject
Project("{FAE04EC0-301F-11D3-BF4B-00C04F79EFBC}") = "MXJ.Core", "Libraries\MXJ.Core\MXJ.Core.csproj", "{47932679-679A-417D-BC9F-ED9E9E9D85E2}"
EndProject
Project("{FAE04EC0-301F-11D3-BF4B-00C04F79EFBC}") = "MXJ.Core.Caching.Memory", "Libraries\MXJ.Core.Caching.Memory\MXJ.Core.Caching.Memory.csproj", "{F2EE4E99-5661-42D3-ABA5-C2D38CB2637F}"
EndProject
Project("{FAE04EC0-301F-11D3-BF4B-00C04F79EFBC}") = "MXJ.CoreCaching.Redis", "Libraries\MXJ.Core.Caching.Redis\MXJ.CoreCaching.Redis.csproj", "{E2DFB335-5C57-4332-A871-2D2039E4E4FD}"
EndProject
Project("{FAE04EC0-301F-11D3-BF4B-00C04F79EFBC}") = "MXJ.Core.CustormSession", "Libraries\MXJ.Core.CustormSession\WLYD.Core.CustormSession\MXJ.Core.CustormSession.csproj", "{C1276CBE-EDFD-4DED-AD2C-EBC2FC9AC1E3}"
EndProject
Project("{FAE04EC0-301F-11D3-BF4B-00C04F79EFBC}") = "MXJ.Core.IOC.Unity", "Libraries\MXJ.Core.IOC.Unity\MXJ.Core.IOC.Unity.csproj", "{E84F47C9-5291-42A2-B201-CADB7E11013A}"
EndProject
Project("{FAE04EC0-301F-11D3-BF4B-00C04F79EFBC}") = "MXJ.Core.Logging.Log4Net", "Libraries\MXJ.Core.Logging.Log4Net\MXJ.Core.Logging.Log4Net.csproj", "{0D84FB81-AC11-4E14-A135-B386C7717349}"
EndProject
Project("{FAE04EC0-301F-11D3-BF4B-00C04F79EFBC}") = "MXJ.Core.Repositories.Dapper", "Libraries\MXJ.Core.Repositories.Dapper\MXJ.Core.Repositories.Dapper.csproj", "{8B842083-0107-461B-A4B1-8D686133696F}"
EndProject
Project("{FAE04EC0-301F-11D3-BF4B-00C04F79EFBC}") = "MXJ.Core.ValueInjector", "Libraries\MXJ.Core.ValueInjector\MXJ.Core.ValueInjector.csproj", "{3223ED74-B071-4205-ABE2-99286AE4F64C}"
EndProject
Project("{FAE04EC0-301F-11D3-BF4B-00C04F79EFBC}") = "MXJ.Core.Repositories.EF", "Libraries\MXJ.Core.Repositories.EF\MXJ.Core.Repositories.EF.csproj", "{9BA2B6EB-E970-4705-8870-C41E4310859A}"
EndProject
Project("{2150E333-8FDC-42A3-9474-1A3956D46DE8}") = "Domain", "Domain", "{81CF743D-FEA1-453D-B0C5-0AA6FA85257E}"
EndProject
Project("{2150E333-8FDC-42A3-9474-1A3956D46DE8}") = "CodeFirst", "CodeFirst", "{01269459-41DD-4A08-9014-1142B8335320}"
EndProject
Project("{2150E333-8FDC-42A3-9474-1A3956D46DE8}") = "DbFirst", "DbFirst", "{1252D8E8-31AA-4FCF-851E-5A945CA36440}"
EndProject
Project("{FAE04EC0-301F-11D3-BF4B-00C04F79EFBC}") = "MXJ.Projects.Domain.Context", "Domain\CodeFirst\MXJ.Projects.Domain.Context\MXJ.Projects.Domain.Context.csproj", "{3A264F65-B2A0-47A2-8EF9-F97E8CFD617D}"
EndProject
Project("{FAE04EC0-301F-11D3-BF4B-00C04F79EFBC}") = "MXJ.Projects.Domain.Enums", "Domain\CodeFirst\MXJ.Projects.Domain.Enums\MXJ.Projects.Domain.Enums.csproj", "{F4BFDA41-E7C8-4D0E-9A55-6354697AAF11}"
EndProject
Project("{FAE04EC0-301F-11D3-BF4B-00C04F79EFBC}") = "MXJ.Projects.Domain.Models", "Domain\CodeFirst\MXJ.Projects.Domain.Models\MXJ.Projects.Domain.Models.csproj", "{D485F9F9-A628-4F8A-8C24-F3DAC0D01828}"
EndProject
Project("{2150E333-8FDC-42A3-9474-1A3956D46DE8}") = "BussinessServices", "BussinessServices", "{F16EA7DA-4B00-4CCF-9A54-64CD050A76C7}"
EndProject
Project("{FAE04EC0-301F-11D3-BF4B-00C04F79EFBC}") = "MXJ.Projects.BussinessServices", "BussinessServices\MXJ.Projects.BussinessServices\MXJ.Projects.BussinessServices.csproj", "{057BFDD3-DC04-4B44-B0D5-8604C9898B38}"
EndProject
Project("{FAE04EC0-301F-11D3-BF4B-00C04F79EFBC}") = "MXJ.Projects.IBussinessServices", "BussinessServices\MXJ.Projects.IBussinessServices\MXJ.Projects.IBussinessServices.csproj", "{B4C9F68E-AAAB-4444-83F6-A83FFF963CB9}"
EndProject
Project("{2150E333-8FDC-42A3-9474-1A3956D46DE8}") = "DataTransferObject", "DataTransferObject", "{D1C5AD4C-A16B-4472-9293-B22DB3123C06}"
EndProject
Project("{FAE04EC0-301F-11D3-BF4B-00C04F79EFBC}") = "MXJ.Projects.DataTransferObjects", "DataTransferObject\MXJ.Projects.DataTransferObjects\MXJ.Projects.DataTransferObjects.csproj", "{7A45DE7A-76F9-4D47-9205-B8723F7C563F}"
EndProject
Project("{2150E333-8FDC-42A3-9474-1A3956D46DE8}") = "RepositoryServices", "RepositoryServices", "{D88057F2-174F-41A0-96B7-F6C3C4A60DCC}"
EndProject
Project("{FAE04EC0-301F-11D3-BF4B-00C04F79EFBC}") = "MXJ.Projects.IRepositoryServices", "RepositoryServices\MXJ.Projects.IRepositoryServices\MXJ.Projects.IRepositoryServices.csproj", "{81211F98-4FAB-4C1D-A0BB-67F0958C0F58}"
EndProject
Project("{FAE04EC0-301F-11D3-BF4B-00C04F79EFBC}") = "MXJ.Projects.RepositoryServices", "RepositoryServices\MXJ.Projects.RepositoryServices\MXJ.Projects.RepositoryServices.csproj", "{DA91732B-94FE-49B5-BF58-5D1B2BD71449}"
EndProject
Project("{2150E333-8FDC-42A3-9474-1A3956D46DE8}") = "Presentations", "Presentations", "{5143EA4C-0E00-4638-B4C8-3D20A048231D}"
EndProject
Project("{FAE04EC0-301F-11D3-BF4B-00C04F79EFBC}") = "MXJ.Projects.WebFront", "MXJ.Projects.WebFront\MXJ.Projects.WebFront.csproj", "{6116D3B7-F79F-48E6-8A7F-518D2AB6FB96}"
EndProject
Project("{FAE04EC0-301F-11D3-BF4B-00C04F79EFBC}") = "MXJ.Projects.Domain.DbFirstContext", "Domain\DbFirst\MXJ.Projects.Domain.DbFirstContext\MXJ.Projects.Domain.DbFirstContext.csproj", "{23EF4106-B591-4F67-B79F-FEB4494F1B45}"
EndProject
Global
	GlobalSection(SolutionConfigurationPlatforms) = preSolution
		Debug|Any CPU = Debug|Any CPU
		Release|Any CPU = Release|Any CPU
	EndGlobalSection
	GlobalSection(ProjectConfigurationPlatforms) = postSolution
		{47932679-679A-417D-BC9F-ED9E9E9D85E2}.Debug|Any CPU.ActiveCfg = Debug|Any CPU
		{47932679-679A-417D-BC9F-ED9E9E9D85E2}.Debug|Any CPU.Build.0 = Debug|Any CPU
		{47932679-679A-417D-BC9F-ED9E9E9D85E2}.Release|Any CPU.ActiveCfg = Release|Any CPU
		{47932679-679A-417D-BC9F-ED9E9E9D85E2}.Release|Any CPU.Build.0 = Release|Any CPU
		{F2EE4E99-5661-42D3-ABA5-C2D38CB2637F}.Debug|Any CPU.ActiveCfg = Debug|Any CPU
		{F2EE4E99-5661-42D3-ABA5-C2D38CB2637F}.Debug|Any CPU.Build.0 = Debug|Any CPU
		{F2EE4E99-5661-42D3-ABA5-C2D38CB2637F}.Release|Any CPU.ActiveCfg = Release|Any CPU
		{F2EE4E99-5661-42D3-ABA5-C2D38CB2637F}.Release|Any CPU.Build.0 = Release|Any CPU
		{E2DFB335-5C57-4332-A871-2D2039E4E4FD}.Debug|Any CPU.ActiveCfg = Debug|Any CPU
		{E2DFB335-5C57-4332-A871-2D2039E4E4FD}.Debug|Any CPU.Build.0 = Debug|Any CPU
		{E2DFB335-5C57-4332-A871-2D2039E4E4FD}.Release|Any CPU.ActiveCfg = Release|Any CPU
		{E2DFB335-5C57-4332-A871-2D2039E4E4FD}.Release|Any CPU.Build.0 = Release|Any CPU
		{C1276CBE-EDFD-4DED-AD2C-EBC2FC9AC1E3}.Debug|Any CPU.ActiveCfg = Debug|Any CPU
		{C1276CBE-EDFD-4DED-AD2C-EBC2FC9AC1E3}.Debug|Any CPU.Build.0 = Debug|Any CPU
		{C1276CBE-EDFD-4DED-AD2C-EBC2FC9AC1E3}.Release|Any CPU.ActiveCfg = Release|Any CPU
		{C1276CBE-EDFD-4DED-AD2C-EBC2FC9AC1E3}.Release|Any CPU.Build.0 = Release|Any CPU
		{E84F47C9-5291-42A2-B201-CADB7E11013A}.Debug|Any CPU.ActiveCfg = Debug|Any CPU
		{E84F47C9-5291-42A2-B201-CADB7E11013A}.Debug|Any CPU.Build.0 = Debug|Any CPU
		{E84F47C9-5291-42A2-B201-CADB7E11013A}.Release|Any CPU.ActiveCfg = Release|Any CPU
		{E84F47C9-5291-42A2-B201-CADB7E11013A}.Release|Any CPU.Build.0 = Release|Any CPU
		{0D84FB81-AC11-4E14-A135-B386C7717349}.Debug|Any CPU.ActiveCfg = Debug|Any CPU
		{0D84FB81-AC11-4E14-A135-B386C7717349}.Debug|Any CPU.Build.0 = Debug|Any CPU
		{0D84FB81-AC11-4E14-A135-B386C7717349}.Release|Any CPU.ActiveCfg = Release|Any CPU
		{0D84FB81-AC11-4E14-A135-B386C7717349}.Release|Any CPU.Build.0 = Release|Any CPU
		{8B842083-0107-461B-A4B1-8D686133696F}.Debug|Any CPU.ActiveCfg = Debug|Any CPU
		{8B842083-0107-461B-A4B1-8D686133696F}.Debug|Any CPU.Build.0 = Debug|Any CPU
		{8B842083-0107-461B-A4B1-8D686133696F}.Release|Any CPU.ActiveCfg = Release|Any CPU
		{8B842083-0107-461B-A4B1-8D686133696F}.Release|Any CPU.Build.0 = Release|Any CPU
		{3223ED74-B071-4205-ABE2-99286AE4F64C}.Debug|Any CPU.ActiveCfg = Debug|Any CPU
		{3223ED74-B071-4205-ABE2-99286AE4F64C}.Debug|Any CPU.Build.0 = Debug|Any CPU
		{3223ED74-B071-4205-ABE2-99286AE4F64C}.Release|Any CPU.ActiveCfg = Release|Any CPU
		{3223ED74-B071-4205-ABE2-99286AE4F64C}.Release|Any CPU.Build.0 = Release|Any CPU
		{9BA2B6EB-E970-4705-8870-C41E4310859A}.Debug|Any CPU.ActiveCfg = Debug|Any CPU
		{9BA2B6EB-E970-4705-8870-C41E4310859A}.Debug|Any CPU.Build.0 = Debug|Any CPU
		{9BA2B6EB-E970-4705-8870-C41E4310859A}.Release|Any CPU.ActiveCfg = Release|Any CPU
		{9BA2B6EB-E970-4705-8870-C41E4310859A}.Release|Any CPU.Build.0 = Release|Any CPU
		{3A264F65-B2A0-47A2-8EF9-F97E8CFD617D}.Debug|Any CPU.ActiveCfg = Debug|Any CPU
		{3A264F65-B2A0-47A2-8EF9-F97E8CFD617D}.Debug|Any CPU.Build.0 = Debug|Any CPU
		{3A264F65-B2A0-47A2-8EF9-F97E8CFD617D}.Release|Any CPU.ActiveCfg = Release|Any CPU
		{3A264F65-B2A0-47A2-8EF9-F97E8CFD617D}.Release|Any CPU.Build.0 = Release|Any CPU
		{F4BFDA41-E7C8-4D0E-9A55-6354697AAF11}.Debug|Any CPU.ActiveCfg = Debug|Any CPU
		{F4BFDA41-E7C8-4D0E-9A55-6354697AAF11}.Debug|Any CPU.Build.0 = Debug|Any CPU
		{F4BFDA41-E7C8-4D0E-9A55-6354697AAF11}.Release|Any CPU.ActiveCfg = Release|Any CPU
		{F4BFDA41-E7C8-4D0E-9A55-6354697AAF11}.Release|Any CPU.Build.0 = Release|Any CPU
		{D485F9F9-A628-4F8A-8C24-F3DAC0D01828}.Debug|Any CPU.ActiveCfg = Debug|Any CPU
		{D485F9F9-A628-4F8A-8C24-F3DAC0D01828}.Debug|Any CPU.Build.0 = Debug|Any CPU
		{D485F9F9-A628-4F8A-8C24-F3DAC0D01828}.Release|Any CPU.ActiveCfg = Release|Any CPU
		{D485F9F9-A628-4F8A-8C24-F3DAC0D01828}.Release|Any CPU.Build.0 = Release|Any CPU
		{057BFDD3-DC04-4B44-B0D5-8604C9898B38}.Debug|Any CPU.ActiveCfg = Debug|Any CPU
		{057BFDD3-DC04-4B44-B0D5-8604C9898B38}.Debug|Any CPU.Build.0 = Debug|Any CPU
		{057BFDD3-DC04-4B44-B0D5-8604C9898B38}.Release|Any CPU.ActiveCfg = Release|Any CPU
		{057BFDD3-DC04-4B44-B0D5-8604C9898B38}.Release|Any CPU.Build.0 = Release|Any CPU
		{B4C9F68E-AAAB-4444-83F6-A83FFF963CB9}.Debug|Any CPU.ActiveCfg = Debug|Any CPU
		{B4C9F68E-AAAB-4444-83F6-A83FFF963CB9}.Debug|Any CPU.Build.0 = Debug|Any CPU
		{B4C9F68E-AAAB-4444-83F6-A83FFF963CB9}.Release|Any CPU.ActiveCfg = Release|Any CPU
		{B4C9F68E-AAAB-4444-83F6-A83FFF963CB9}.Release|Any CPU.Build.0 = Release|Any CPU
		{7A45DE7A-76F9-4D47-9205-B8723F7C563F}.Debug|Any CPU.ActiveCfg = Debug|Any CPU
		{7A45DE7A-76F9-4D47-9205-B8723F7C563F}.Debug|Any CPU.Build.0 = Debug|Any CPU
		{7A45DE7A-76F9-4D47-9205-B8723F7C563F}.Release|Any CPU.ActiveCfg = Release|Any CPU
		{7A45DE7A-76F9-4D47-9205-B8723F7C563F}.Release|Any CPU.Build.0 = Release|Any CPU
		{81211F98-4FAB-4C1D-A0BB-67F0958C0F58}.Debug|Any CPU.ActiveCfg = Debug|Any CPU
		{81211F98-4FAB-4C1D-A0BB-67F0958C0F58}.Debug|Any CPU.Build.0 = Debug|Any CPU
		{81211F98-4FAB-4C1D-A0BB-67F0958C0F58}.Release|Any CPU.ActiveCfg = Release|Any CPU
		{81211F98-4FAB-4C1D-A0BB-67F0958C0F58}.Release|Any CPU.Build.0 = Release|Any CPU
		{DA91732B-94FE-49B5-BF58-5D1B2BD71449}.Debug|Any CPU.ActiveCfg = Debug|Any CPU
		{DA91732B-94FE-49B5-BF58-5D1B2BD71449}.Debug|Any CPU.Build.0 = Debug|Any CPU
		{DA91732B-94FE-49B5-BF58-5D1B2BD71449}.Release|Any CPU.ActiveCfg = Release|Any CPU
		{DA91732B-94FE-49B5-BF58-5D1B2BD71449}.Release|Any CPU.Build.0 = Release|Any CPU
		{6116D3B7-F79F-48E6-8A7F-518D2AB6FB96}.Debug|Any CPU.ActiveCfg = Debug|Any CPU
		{6116D3B7-F79F-48E6-8A7F-518D2AB6FB96}.Debug|Any CPU.Build.0 = Debug|Any CPU
		{6116D3B7-F79F-48E6-8A7F-518D2AB6FB96}.Release|Any CPU.ActiveCfg = Release|Any CPU
		{6116D3B7-F79F-48E6-8A7F-518D2AB6FB96}.Release|Any CPU.Build.0 = Release|Any CPU
		{23EF4106-B591-4F67-B79F-FEB4494F1B45}.Debug|Any CPU.ActiveCfg = Debug|Any CPU
		{23EF4106-B591-4F67-B79F-FEB4494F1B45}.Debug|Any CPU.Build.0 = Debug|Any CPU
		{23EF4106-B591-4F67-B79F-FEB4494F1B45}.Release|Any CPU.ActiveCfg = Release|Any CPU
		{23EF4106-B591-4F67-B79F-FEB4494F1B45}.Release|Any CPU.Build.0 = Release|Any CPU
	EndGlobalSection
	GlobalSection(SolutionProperties) = preSolution
		HideSolutionNode = FALSE
	EndGlobalSection
	GlobalSection(NestedProjects) = preSolution
		{47932679-679A-417D-BC9F-ED9E9E9D85E2} = {CC2D59CC-9677-448E-8EE0-CA2A1D8DA2C2}
		{F2EE4E99-5661-42D3-ABA5-C2D38CB2637F} = {CC2D59CC-9677-448E-8EE0-CA2A1D8DA2C2}
		{E2DFB335-5C57-4332-A871-2D2039E4E4FD} = {CC2D59CC-9677-448E-8EE0-CA2A1D8DA2C2}
		{C1276CBE-EDFD-4DED-AD2C-EBC2FC9AC1E3} = {CC2D59CC-9677-448E-8EE0-CA2A1D8DA2C2}
		{E84F47C9-5291-42A2-B201-CADB7E11013A} = {CC2D59CC-9677-448E-8EE0-CA2A1D8DA2C2}
		{0D84FB81-AC11-4E14-A135-B386C7717349} = {CC2D59CC-9677-448E-8EE0-CA2A1D8DA2C2}
		{8B842083-0107-461B-A4B1-8D686133696F} = {CC2D59CC-9677-448E-8EE0-CA2A1D8DA2C2}
		{3223ED74-B071-4205-ABE2-99286AE4F64C} = {CC2D59CC-9677-448E-8EE0-CA2A1D8DA2C2}
		{9BA2B6EB-E970-4705-8870-C41E4310859A} = {CC2D59CC-9677-448E-8EE0-CA2A1D8DA2C2}
		{01269459-41DD-4A08-9014-1142B8335320} = {81CF743D-FEA1-453D-B0C5-0AA6FA85257E}
		{1252D8E8-31AA-4FCF-851E-5A945CA36440} = {81CF743D-FEA1-453D-B0C5-0AA6FA85257E}
		{3A264F65-B2A0-47A2-8EF9-F97E8CFD617D} = {01269459-41DD-4A08-9014-1142B8335320}
		{F4BFDA41-E7C8-4D0E-9A55-6354697AAF11} = {01269459-41DD-4A08-9014-1142B8335320}
		{D485F9F9-A628-4F8A-8C24-F3DAC0D01828} = {01269459-41DD-4A08-9014-1142B8335320}
		{057BFDD3-DC04-4B44-B0D5-8604C9898B38} = {F16EA7DA-4B00-4CCF-9A54-64CD050A76C7}
		{B4C9F68E-AAAB-4444-83F6-A83FFF963CB9} = {F16EA7DA-4B00-4CCF-9A54-64CD050A76C7}
		{7A45DE7A-76F9-4D47-9205-B8723F7C563F} = {D1C5AD4C-A16B-4472-9293-B22DB3123C06}
		{81211F98-4FAB-4C1D-A0BB-67F0958C0F58} = {D88057F2-174F-41A0-96B7-F6C3C4A60DCC}
		{DA91732B-94FE-49B5-BF58-5D1B2BD71449} = {D88057F2-174F-41A0-96B7-F6C3C4A60DCC}
		{6116D3B7-F79F-48E6-8A7F-518D2AB6FB96} = {5143EA4C-0E00-4638-B4C8-3D20A048231D}
		{23EF4106-B591-4F67-B79F-FEB4494F1B45} = {1252D8E8-31AA-4FCF-851E-5A945CA36440}
	EndGlobalSection
	GlobalSection(ExtensibilityGlobals) = postSolution
		SolutionGuid = {BE9920B0-ADB9-4399-A426-EBCD64B0DC94}
	EndGlobalSection
EndGlobal
